
Microsoft Visual Studio Solution File, Format Version 12.00
# Visual Studio Version 17
VisualStudioVersion = 17.11.35312.102
MinimumVisualStudioVersion = 10.0.40219.1
Project("{FAE04EC0-301F-11D3-BF4B-00C04F79EFBC}") = "PersonalAccount_WebAPI", "PersonalAccount_WebAPI\PersonalAccount_WebAPI.csproj", "{B761E2E5-0152-4D2D-8113-FFFE9B9E08F9}"
EndProject
Project("{FAE04EC0-301F-11D3-BF4B-00C04F79EFBC}") = "PersonalAccount_DAL", "PersonalAccount_DAL\PersonalAccount_DAL.csproj", "{203C0B1F-1B51-4098-8191-84F0577C6845}"
EndProject
Project("{FAE04EC0-301F-11D3-BF4B-00C04F79EFBC}") = "Account.BLL", "Account.BLL\Account.BLL.csproj", "{4FD1CC17-6716-4DF5-8F50-2B1C8A918EA7}"
EndProject
Global
	GlobalSection(SolutionConfigurationPlatforms) = preSolution
		Debug|Any CPU = Debug|Any CPU
		Release|Any CPU = Release|Any CPU
	EndGlobalSection
	GlobalSection(ProjectConfigurationPlatforms) = postSolution
		{B761E2E5-0152-4D2D-8113-FFFE9B9E08F9}.Debug|Any CPU.ActiveCfg = Debug|Any CPU
		{B761E2E5-0152-4D2D-8113-FFFE9B9E08F9}.Debug|Any CPU.Build.0 = Debug|Any CPU
		{B761E2E5-0152-4D2D-8113-FFFE9B9E08F9}.Release|Any CPU.ActiveCfg = Release|Any CPU
		{B761E2E5-0152-4D2D-8113-FFFE9B9E08F9}.Release|Any CPU.Build.0 = Release|Any CPU
		{203C0B1F-1B51-4098-8191-84F0577C6845}.Debug|Any CPU.ActiveCfg = Debug|Any CPU
		{203C0B1F-1B51-4098-8191-84F0577C6845}.Debug|Any CPU.Build.0 = Debug|Any CPU
		{203C0B1F-1B51-4098-8191-84F0577C6845}.Release|Any CPU.ActiveCfg = Release|Any CPU
		{203C0B1F-1B51-4098-8191-84F0577C6845}.Release|Any CPU.Build.0 = Release|Any CPU
		{4FD1CC17-6716-4DF5-8F50-2B1C8A918EA7}.Debug|Any CPU.ActiveCfg = Debug|Any CPU
		{4FD1CC17-6716-4DF5-8F50-2B1C8A918EA7}.Debug|Any CPU.Build.0 = Debug|Any CPU
		{4FD1CC17-6716-4DF5-8F50-2B1C8A918EA7}.Release|Any CPU.ActiveCfg = Release|Any CPU
		{4FD1CC17-6716-4DF5-8F50-2B1C8A918EA7}.Release|Any CPU.Build.0 = Release|Any CPU
	EndGlobalSection
	GlobalSection(SolutionProperties) = preSolution
		HideSolutionNode = FALSE
	EndGlobalSection
	GlobalSection(ExtensibilityGlobals) = postSolution
		SolutionGuid = {291D25EF-ED92-462A-B69A-3D1B1A0CCB77}
	EndGlobalSection
EndGlobal
